
Microsoft Visual Studio Solution File, Format Version 12.00
# Visual Studio Version 16
VisualStudioVersion = 16.0.31613.86
MinimumVisualStudioVersion = 10.0.40219.1
Project("{FAE04EC0-301F-11D3-BF4B-00C04F79EFBC}") = "InvoiceTotal", "InvoiceTotal\InvoiceTotal.csproj", "{09368E91-2D26-4DDF-985E-23F425CCF290}"
EndProject
Global
	GlobalSection(SolutionConfigurationPlatforms) = preSolution
		Debug|Any CPU = Debug|Any CPU
		Release|Any CPU = Release|Any CPU
	EndGlobalSection
	GlobalSection(ProjectConfigurationPlatforms) = postSolution
		{09368E91-2D26-4DDF-985E-23F425CCF290}.Debug|Any CPU.ActiveCfg = Debug|Any CPU
		{09368E91-2D26-4DDF-985E-23F425CCF290}.Debug|Any CPU.Build.0 = Debug|Any CPU
		{09368E91-2D26-4DDF-985E-23F425CCF290}.Release|Any CPU.ActiveCfg = Release|Any CPU
		{09368E91-2D26-4DDF-985E-23F425CCF290}.Release|Any CPU.Build.0 = Release|Any CPU
	EndGlobalSection
	GlobalSection(SolutionProperties) = preSolution
		HideSolutionNode = FALSE
	EndGlobalSection
	GlobalSection(ExtensibilityGlobals) = postSolution
		SolutionGuid = {4E37BD21-BF91-4DC1-8C5A-BDC3BE5F6249}
	EndGlobalSection
EndGlobal
